
Microsoft Visual Studio Solution File, Format Version 12.00
# Visual Studio Version 16
VisualStudioVersion = 16.0.29418.71
MinimumVisualStudioVersion = 10.0.40219.1
Project("{8BC9CEB8-8B4A-11D0-8D11-00A0C91BC942}") = "WindowDayDream", "WindowDayDream\WindowDayDream.vcxproj", "{323C6E96-9E76-4871-98FF-F36EE3A0EDEA}"
	ProjectSection(ProjectDependencies) = postProject
		{C4C1FA5D-8D40-41BF-A897-4944A7BB87B2} = {C4C1FA5D-8D40-41BF-A897-4944A7BB87B2}
	EndProjectSection
EndProject
Project("{8BC9CEB8-8B4A-11D0-8D11-00A0C91BC942}") = "EnumDevices", "EnumDevices\EnumDevices.vcxproj", "{C4C1FA5D-8D40-41BF-A897-4944A7BB87B2}"
EndProject
Global
	GlobalSection(SolutionConfigurationPlatforms) = preSolution
		Debug|x64 = Debug|x64
		Debug|x86 = Debug|x86
		Release|x64 = Release|x64
		Release|x86 = Release|x86
	EndGlobalSection
	GlobalSection(ProjectConfigurationPlatforms) = postSolution
		{323C6E96-9E76-4871-98FF-F36EE3A0EDEA}.Debug|x64.ActiveCfg = Debug|x64
		{323C6E96-9E76-4871-98FF-F36EE3A0EDEA}.Debug|x64.Build.0 = Debug|x64
		{323C6E96-9E76-4871-98FF-F36EE3A0EDEA}.Debug|x86.ActiveCfg = Debug|Win32
		{323C6E96-9E76-4871-98FF-F36EE3A0EDEA}.Debug|x86.Build.0 = Debug|Win32
		{323C6E96-9E76-4871-98FF-F36EE3A0EDEA}.Release|x64.ActiveCfg = Release|x64
		{323C6E96-9E76-4871-98FF-F36EE3A0EDEA}.Release|x64.Build.0 = Release|x64
		{323C6E96-9E76-4871-98FF-F36EE3A0EDEA}.Release|x86.ActiveCfg = Release|Win32
		{323C6E96-9E76-4871-98FF-F36EE3A0EDEA}.Release|x86.Build.0 = Release|Win32
		{C4C1FA5D-8D40-41BF-A897-4944A7BB87B2}.Debug|x64.ActiveCfg = Debug|x64
		{C4C1FA5D-8D40-41BF-A897-4944A7BB87B2}.Debug|x64.Build.0 = Debug|x64
		{C4C1FA5D-8D40-41BF-A897-4944A7BB87B2}.Debug|x86.ActiveCfg = Debug|Win32
		{C4C1FA5D-8D40-41BF-A897-4944A7BB87B2}.Debug|x86.Build.0 = Debug|Win32
		{C4C1FA5D-8D40-41BF-A897-4944A7BB87B2}.Release|x64.ActiveCfg = Release|x64
		{C4C1FA5D-8D40-41BF-A897-4944A7BB87B2}.Release|x64.Build.0 = Release|x64
		{C4C1FA5D-8D40-41BF-A897-4944A7BB87B2}.Release|x86.ActiveCfg = Release|Win32
		{C4C1FA5D-8D40-41BF-A897-4944A7BB87B2}.Release|x86.Build.0 = Release|Win32
	EndGlobalSection
	GlobalSection(SolutionProperties) = preSolution
		HideSolutionNode = FALSE
	EndGlobalSection
	GlobalSection(ExtensibilityGlobals) = postSolution
		SolutionGuid = {C7FD428B-DCAC-47D5-BC4F-508CAA1D98FD}
	EndGlobalSection
EndGlobal
