<?xml version="1.0" encoding="utf-8"?>
<Project ToolsVersion="4.0" xmlns="http://schemas.microsoft.com/developer/msbuild/2003">
  <ItemGroup>
    <Filter Include="Source Files">
      <UniqueIdentifier>{4FC737F1-C7A5-4376-A066-2A32D752A2FF}</UniqueIdentifier>
      <Extensions>cpp;c;cc;cxx;def;odl;idl;hpj;bat;asm;asmx</Extensions>
    </Filter>
    <Filter Include="Header Files">
      <UniqueIdentifier>{93995380-89BD-4b04-88EB-625FBE52EBFB}</UniqueIdentifier>
      <Extensions>h;hh;hpp;hxx;hm;inl;inc;ipp;xsd</Extensions>
    </Filter>
    <Filter Include="Resource Files">
      <UniqueIdentifier>{67DA6AB6-F800-4c08-8B7A-83BB121AAD01}</UniqueIdentifier>
      <Extensions>rc;ico;cur;bmp;dlg;rc2;rct;bin;rgs;gif;jpg;jpeg;jpe;resx;tiff;tif;png;wav;mfcribbon-ms</Extensions>
    </Filter>
    <Filter Include="Header Files\base">
      <UniqueIdentifier>{2f8d3adf-9bb5-41bf-8cc6-a53a993c0468}</UniqueIdentifier>
    </Filter>
    <Filter Include="Header Files\catia">
      <UniqueIdentifier>{aacc37b9-0512-4a2f-bff4-90bac21020c4}</UniqueIdentifier>
    </Filter>
    <Filter Include="Header Files\math">
      <UniqueIdentifier>{91614ae9-1c82-455c-9990-9d66fe3d3a66}</UniqueIdentifier>
    </Filter>
    <Filter Include="Header Files\VS">
      <UniqueIdentifier>{36c76367-ea4d-4bd1-931a-42bd2b510a9a}</UniqueIdentifier>
    </Filter>
  </ItemGroup>
  <ItemGroup>
    <ClInclude Include="BaseСycles.h">
      <Filter>Header Files</Filter>
    </ClInclude>
    <ClInclude Include="DDConnector.h">
      <Filter>Header Files</Filter>
    </ClInclude>
    <ClInclude Include="DeviceIteraction.h">
      <Filter>Header Files</Filter>
    </ClInclude>
    <ClInclude Include="Events.h">
      <Filter>Header Files</Filter>
    </ClInclude>
    <ClInclude Include="GetDeviceList.h">
      <Filter>Header Files</Filter>
    </ClInclude>
    <ClInclude Include="MCommand.h">
      <Filter>Header Files</Filter>
    </ClInclude>
    <ClInclude Include="OutputG.h">
      <Filter>Header Files</Filter>
    </ClInclude>
    <ClInclude Include="ProjectConsts.h">
      <Filter>Header Files</Filter>
    </ClInclude>
    <ClInclude Include="ConstStack.h">
      <Filter>Header Files\base</Filter>
    </ClInclude>
    <ClInclude Include="Triple.h">
      <Filter>Header Files\base</Filter>
    </ClInclude>
    <ClInclude Include="Timer.h">
      <Filter>Header Files\base</Filter>
    </ClInclude>
    <ClInclude Include="MCatia.h">
      <Filter>Header Files\catia</Filter>
    </ClInclude>
    <ClInclude Include="CCatia.h">
      <Filter>Header Files\catia</Filter>
    </ClInclude>
    <ClInclude Include="FileWork.h">
      <Filter>Header Files\base</Filter>
    </ClInclude>
    <ClInclude Include="Mouse.h">
      <Filter>Header Files\base</Filter>
    </ClInclude>
    <ClInclude Include="MathBase.h">
      <Filter>Header Files\math</Filter>
    </ClInclude>
    <ClInclude Include="MadgwickAHRS\MadgwickAHRS.h">
      <Filter>Header Files\math</Filter>
    </ClInclude>
    <ClInclude Include="ParseByteArray.h">
      <Filter>Header Files\math</Filter>
    </ClInclude>
    <ClInclude Include="Delegate.h">
      <Filter>Header Files\base</Filter>
    </ClInclude>
    <ClInclude Include="ByteWork.h">
      <Filter>Header Files\math</Filter>
    </ClInclude>
    <ClInclude Include="targetver.h">
      <Filter>Header Files\VS</Filter>
    </ClInclude>
    <ClInclude Include="Resource.h">
      <Filter>Header Files\VS</Filter>
    </ClInclude>
    <ClInclude Include="WindowDayDream.h">
      <Filter>Header Files\VS</Filter>
    </ClInclude>
    <ClInclude Include="WindowDayDreamDlg.h">
      <Filter>Header Files\VS</Filter>
    </ClInclude>
    <ClInclude Include="pch.h">
      <Filter>Header Files\VS</Filter>
    </ClInclude>
    <ClInclude Include="framework.h">
      <Filter>Header Files\VS</Filter>
    </ClInclude>
  </ItemGroup>
  <ItemGroup>
    <ClCompile Include="WindowDayDream.cpp">
      <Filter>Source Files</Filter>
    </ClCompile>
    <ClCompile Include="WindowDayDreamDlg.cpp">
      <Filter>Source Files</Filter>
    </ClCompile>
    <ClCompile Include="pch.cpp">
      <Filter>Source Files</Filter>
    </ClCompile>
    <ClCompile Include="MadgwickAHRS\MadgwickAHRS.cpp">
      <Filter>Header Files\math</Filter>
    </ClCompile>
  </ItemGroup>
  <ItemGroup>
    <ResourceCompile Include="WindowDayDream.rc">
      <Filter>Resource Files</Filter>
    </ResourceCompile>
  </ItemGroup>
  <ItemGroup>
    <None Include="res\WindowDayDream.rc2">
      <Filter>Resource Files</Filter>
    </None>
  </ItemGroup>
  <ItemGroup>
    <Image Include="res\WindowDayDream.ico">
      <Filter>Resource Files</Filter>
    </Image>
    <Image Include="res\icon1.ico">
      <Filter>Resource Files</Filter>
    </Image>
  </ItemGroup>
</Project>